
Microsoft Visual Studio Solution File, Format Version 12.00
# Visual Studio Version 17
VisualStudioVersion = 17.8.34330.188
MinimumVisualStudioVersion = 10.0.40219.1
Project("{FAE04EC0-301F-11D3-BF4B-00C04F79EFBC}") = "Ordenacio", "Ordenacio\Ordenacio.csproj", "{8D0E2BAF-0F0B-464C-99A1-A71A8C37337A}"
EndProject
Global
	GlobalSection(SolutionConfigurationPlatforms) = preSolution
		Debug|Any CPU = Debug|Any CPU
		Release|Any CPU = Release|Any CPU
	EndGlobalSection
	GlobalSection(ProjectConfigurationPlatforms) = postSolution
		{8D0E2BAF-0F0B-464C-99A1-A71A8C37337A}.Debug|Any CPU.ActiveCfg = Debug|Any CPU
		{8D0E2BAF-0F0B-464C-99A1-A71A8C37337A}.Debug|Any CPU.Build.0 = Debug|Any CPU
		{8D0E2BAF-0F0B-464C-99A1-A71A8C37337A}.Release|Any CPU.ActiveCfg = Release|Any CPU
		{8D0E2BAF-0F0B-464C-99A1-A71A8C37337A}.Release|Any CPU.Build.0 = Release|Any CPU
	EndGlobalSection
	GlobalSection(SolutionProperties) = preSolution
		HideSolutionNode = FALSE
	EndGlobalSection
	GlobalSection(ExtensibilityGlobals) = postSolution
		SolutionGuid = {A2ADB6EF-0A97-4901-A9C3-E06F4837D3B0}
	EndGlobalSection
EndGlobal
